
Microsoft Visual Studio Solution File, Format Version 12.00
# Visual Studio Version 16
VisualStudioVersion = 16.0.29418.71
MinimumVisualStudioVersion = 10.0.40219.1
Project("{9A19103F-16F7-4668-BE54-9A1E7A4F7556}") = "CareerCloud.Pocos", "CareerCloud.Pocos\CareerCloud.Pocos.csproj", "{1F31A682-50B1-4E09-B4B8-DFF116DA496E}"
EndProject
Project("{9A19103F-16F7-4668-BE54-9A1E7A4F7556}") = "CareerCloudCore.UnitTests.Assignment1", "CareerCloudCore.UnitTests.Assignment1\CareerCloudCore.UnitTests.Assignment1.csproj", "{C6EB7B3C-30E2-4529-9931-C4A5D03ECD8F}"
EndProject
Project("{FAE04EC0-301F-11D3-BF4B-00C04F79EFBC}") = "CareerCloud.DataAccessLayer", "CareerCloud.DataAccessLayer\CareerCloud.DataAccessLayer.csproj", "{1FCE961C-64A7-4E3C-804B-99282D10C65C}"
EndProject
Project("{FAE04EC0-301F-11D3-BF4B-00C04F79EFBC}") = "CareerCloud.ADODataAccessLayer", "CareerCloud.ADODataAccessLayer\CareerCloud.ADODataAccessLayer.csproj", "{A59EADE1-6F58-4E81-B9B9-A9862A193FED}"
EndProject
Project("{9A19103F-16F7-4668-BE54-9A1E7A4F7556}") = "CareerCloudCore.UnitTests.Assignment2", "CareerCloudCore.UnitTests.Assignment2\CareerCloudCore.UnitTests.Assignment2.csproj", "{F59918B6-92AA-408A-924A-A92F38DD4E54}"
EndProject
Global
	GlobalSection(SolutionConfigurationPlatforms) = preSolution
		Debug|Any CPU = Debug|Any CPU
		Release|Any CPU = Release|Any CPU
	EndGlobalSection
	GlobalSection(ProjectConfigurationPlatforms) = postSolution
		{1F31A682-50B1-4E09-B4B8-DFF116DA496E}.Debug|Any CPU.ActiveCfg = Debug|Any CPU
		{1F31A682-50B1-4E09-B4B8-DFF116DA496E}.Debug|Any CPU.Build.0 = Debug|Any CPU
		{1F31A682-50B1-4E09-B4B8-DFF116DA496E}.Release|Any CPU.ActiveCfg = Release|Any CPU
		{1F31A682-50B1-4E09-B4B8-DFF116DA496E}.Release|Any CPU.Build.0 = Release|Any CPU
		{C6EB7B3C-30E2-4529-9931-C4A5D03ECD8F}.Debug|Any CPU.ActiveCfg = Debug|Any CPU
		{C6EB7B3C-30E2-4529-9931-C4A5D03ECD8F}.Debug|Any CPU.Build.0 = Debug|Any CPU
		{C6EB7B3C-30E2-4529-9931-C4A5D03ECD8F}.Release|Any CPU.ActiveCfg = Release|Any CPU
		{C6EB7B3C-30E2-4529-9931-C4A5D03ECD8F}.Release|Any CPU.Build.0 = Release|Any CPU
		{1FCE961C-64A7-4E3C-804B-99282D10C65C}.Debug|Any CPU.ActiveCfg = Debug|Any CPU
		{1FCE961C-64A7-4E3C-804B-99282D10C65C}.Debug|Any CPU.Build.0 = Debug|Any CPU
		{1FCE961C-64A7-4E3C-804B-99282D10C65C}.Release|Any CPU.ActiveCfg = Release|Any CPU
		{1FCE961C-64A7-4E3C-804B-99282D10C65C}.Release|Any CPU.Build.0 = Release|Any CPU
		{A59EADE1-6F58-4E81-B9B9-A9862A193FED}.Debug|Any CPU.ActiveCfg = Debug|Any CPU
		{A59EADE1-6F58-4E81-B9B9-A9862A193FED}.Debug|Any CPU.Build.0 = Debug|Any CPU
		{A59EADE1-6F58-4E81-B9B9-A9862A193FED}.Release|Any CPU.ActiveCfg = Release|Any CPU
		{A59EADE1-6F58-4E81-B9B9-A9862A193FED}.Release|Any CPU.Build.0 = Release|Any CPU
		{F59918B6-92AA-408A-924A-A92F38DD4E54}.Debug|Any CPU.ActiveCfg = Debug|Any CPU
		{F59918B6-92AA-408A-924A-A92F38DD4E54}.Debug|Any CPU.Build.0 = Debug|Any CPU
		{F59918B6-92AA-408A-924A-A92F38DD4E54}.Release|Any CPU.ActiveCfg = Release|Any CPU
		{F59918B6-92AA-408A-924A-A92F38DD4E54}.Release|Any CPU.Build.0 = Release|Any CPU
	EndGlobalSection
	GlobalSection(SolutionProperties) = preSolution
		HideSolutionNode = FALSE
	EndGlobalSection
	GlobalSection(ExtensibilityGlobals) = postSolution
		SolutionGuid = {1ED08631-25CD-4EF4-81AA-10C520097B19}
	EndGlobalSection
EndGlobal
